
Microsoft Visual Studio Solution File, Format Version 12.00
# Visual Studio Version 16
VisualStudioVersion = 16.0.30225.117
MinimumVisualStudioVersion = 10.0.40219.1
Project("{9A19103F-16F7-4668-BE54-9A1E7A4F7556}") = "Api", "Api\Api.csproj", "{59B89ABF-CE68-46EA-908E-9EC84E15A582}"
EndProject
Project("{9A19103F-16F7-4668-BE54-9A1E7A4F7556}") = "Data", "Data\Data.csproj", "{5F928808-846C-4CCD-98CB-38F455B463B8}"
EndProject
Project("{FAE04EC0-301F-11D3-BF4B-00C04F79EFBC}") = "Client", "Client\Client.csproj", "{2858ECD0-CA3A-46FF-9480-27D5B07ED1C8}"
EndProject
Project("{FAE04EC0-301F-11D3-BF4B-00C04F79EFBC}") = "SharedModels", "SharedModels\SharedModels.csproj", "{F139453B-D14A-4038-9F0E-F936167F02E4}"
EndProject
Global
	GlobalSection(SolutionConfigurationPlatforms) = preSolution
		Debug|Any CPU = Debug|Any CPU
		Release|Any CPU = Release|Any CPU
	EndGlobalSection
	GlobalSection(ProjectConfigurationPlatforms) = postSolution
		{59B89ABF-CE68-46EA-908E-9EC84E15A582}.Debug|Any CPU.ActiveCfg = Debug|Any CPU
		{59B89ABF-CE68-46EA-908E-9EC84E15A582}.Debug|Any CPU.Build.0 = Debug|Any CPU
		{59B89ABF-CE68-46EA-908E-9EC84E15A582}.Release|Any CPU.ActiveCfg = Release|Any CPU
		{59B89ABF-CE68-46EA-908E-9EC84E15A582}.Release|Any CPU.Build.0 = Release|Any CPU
		{5F928808-846C-4CCD-98CB-38F455B463B8}.Debug|Any CPU.ActiveCfg = Debug|Any CPU
		{5F928808-846C-4CCD-98CB-38F455B463B8}.Debug|Any CPU.Build.0 = Debug|Any CPU
		{5F928808-846C-4CCD-98CB-38F455B463B8}.Release|Any CPU.ActiveCfg = Release|Any CPU
		{5F928808-846C-4CCD-98CB-38F455B463B8}.Release|Any CPU.Build.0 = Release|Any CPU
		{2858ECD0-CA3A-46FF-9480-27D5B07ED1C8}.Debug|Any CPU.ActiveCfg = Debug|Any CPU
		{2858ECD0-CA3A-46FF-9480-27D5B07ED1C8}.Debug|Any CPU.Build.0 = Debug|Any CPU
		{2858ECD0-CA3A-46FF-9480-27D5B07ED1C8}.Release|Any CPU.ActiveCfg = Release|Any CPU
		{2858ECD0-CA3A-46FF-9480-27D5B07ED1C8}.Release|Any CPU.Build.0 = Release|Any CPU
		{F139453B-D14A-4038-9F0E-F936167F02E4}.Debug|Any CPU.ActiveCfg = Debug|Any CPU
		{F139453B-D14A-4038-9F0E-F936167F02E4}.Debug|Any CPU.Build.0 = Debug|Any CPU
		{F139453B-D14A-4038-9F0E-F936167F02E4}.Release|Any CPU.ActiveCfg = Release|Any CPU
		{F139453B-D14A-4038-9F0E-F936167F02E4}.Release|Any CPU.Build.0 = Release|Any CPU
	EndGlobalSection
	GlobalSection(SolutionProperties) = preSolution
		HideSolutionNode = FALSE
	EndGlobalSection
	GlobalSection(ExtensibilityGlobals) = postSolution
		SolutionGuid = {2922684C-8630-4EEC-AA42-0A11284BB00B}
	EndGlobalSection
EndGlobal
